
Microsoft Visual Studio Solution File, Format Version 12.00
# Visual Studio Version 17
VisualStudioVersion = 17.8.34330.188
MinimumVisualStudioVersion = 10.0.40219.1
Project("{FAE04EC0-301F-11D3-BF4B-00C04F79EFBC}") = "HobbySite", "HobbySite\HobbySite.csproj", "{30A5BB12-4E1A-454B-B6ED-C624910EFDFC}"
EndProject
Global
	GlobalSection(SolutionConfigurationPlatforms) = preSolution
		Debug|Any CPU = Debug|Any CPU
		Release|Any CPU = Release|Any CPU
	EndGlobalSection
	GlobalSection(ProjectConfigurationPlatforms) = postSolution
		{30A5BB12-4E1A-454B-B6ED-C624910EFDFC}.Debug|Any CPU.ActiveCfg = Debug|Any CPU
		{30A5BB12-4E1A-454B-B6ED-C624910EFDFC}.Debug|Any CPU.Build.0 = Debug|Any CPU
		{30A5BB12-4E1A-454B-B6ED-C624910EFDFC}.Release|Any CPU.ActiveCfg = Release|Any CPU
		{30A5BB12-4E1A-454B-B6ED-C624910EFDFC}.Release|Any CPU.Build.0 = Release|Any CPU
	EndGlobalSection
	GlobalSection(SolutionProperties) = preSolution
		HideSolutionNode = FALSE
	EndGlobalSection
	GlobalSection(ExtensibilityGlobals) = postSolution
		SolutionGuid = {4D35230C-21D5-4F06-9075-FE206A912589}
	EndGlobalSection
EndGlobal
